{
  "name": "physics-browser-quality",
  "version": "1.0.0",
  "lockfileVersion": 3,
  "requires": true,
  "packages": {
    "": {
      "name": "physics-browser-quality",
      "version": "1.0.0",
      "devDependencies": {
        "@playwright/test": "1.61.1",
        "monocart-coverage-reports": "2.12.12"
      },
      "engines": {
        "node": ">=20"
      }
    },
    "node_modules/@playwright/test": {
      "version": "1.61.1",
      "resolved": "https://ms-feed-12.pkgs.visualstudio.com/1es-public/_packaging/npm-public/npm/registry/@playwright/test/-/test-1.61.1.tgz",
      "integrity": "sha1-SFaNwir3gZ5V+l6OO8ebfmo+ZnU=",
      "dev": true,
      "license": "Apache-2.0",
      "dependencies": {
        "playwright": "1.61.1"
      },
      "bin": {
        "playwright": "cli.js"
      },
      "engines": {
        "node": ">=18"
      }
    },
    "node_modules/acorn": {
      "version": "8.17.0",
      "resolved": "https://ms-feed-2.pkgs.visualstudio.com/1es-public/_packaging/npm-public/npm/registry/acorn/-/acorn-8.17.0.tgz",
      "integrity": "sha1-F4WtuE+vjYrdEDabk4Jvwr0I8f4=",
      "dev": true,
      "license": "MIT",
      "bin": {
        "acorn": "bin/acorn"
      },
      "engines": {
        "node": ">=0.4.0"
      }
    },
    "node_modules/acorn-loose": {
      "version": "8.5.2",
      "resolved": "https://ms-feed-2.pkgs.visualstudio.com/1es-public/_packaging/npm-public/npm/registry/acorn-loose/-/acorn-loose-8.5.2.tgz",
      "integrity": "sha1-p8x9+7fI88LlWwVdtkDcZX4njSY=",
      "dev": true,
      "license": "MIT",
      "dependencies": {
        "acorn": "^8.15.0"
      },
      "engines": {
        "node": ">=0.4.0"
      }
    },
    "node_modules/acorn-walk": {
      "version": "8.3.5",
      "resolved": "https://ms-feed-12.pkgs.visualstudio.com/1es-public/_packaging/npm-public/npm/registry/acorn-walk/-/acorn-walk-8.3.5.tgz",
      "integrity": "sha1-imuMqPxbNGha8V2rtEEYZjwpZJY=",
      "dev": true,
      "license": "MIT",
      "dependencies": {
        "acorn": "^8.11.0"
      },
      "engines": {
        "node": ">=0.4.0"
      }
    },
    "node_modules/commander": {
      "version": "14.0.3",
      "resolved": "https://ms-feed-2.pkgs.visualstudio.com/1es-public/_packaging/npm-public/npm/registry/commander/-/commander-14.0.3.tgz",
      "integrity": "sha1-Ql15tI+a+C/Nnk/B6or2xewHu8I=",
      "dev": true,
      "license": "MIT",
      "engines": {
        "node": ">=20"
      }
    },
    "node_modules/console-grid": {
      "version": "2.2.4",
      "resolved": "https://ms-feed-2.pkgs.visualstudio.com/1es-public/_packaging/npm-public/npm/registry/console-grid/-/console-grid-2.2.4.tgz",
      "integrity": "sha1-EVIWsv3p0kXK0O6frvqQH2gKpqQ=",
      "dev": true,
      "license": "MIT"
    },
    "node_modules/eight-colors": {
      "version": "1.3.3",
      "resolved": "https://ms-feed-2.pkgs.visualstudio.com/1es-public/_packaging/npm-public/npm/registry/eight-colors/-/eight-colors-1.3.3.tgz",
      "integrity": "sha1-1LnRJJKfilfq6wT8evNSYeGJHyQ=",
      "dev": true,
      "license": "MIT"
    },
    "node_modules/foreground-child": {
      "version": "4.0.3",
      "resolved": "https://ms-feed-2.pkgs.visualstudio.com/1es-public/_packaging/npm-public/npm/registry/foreground-child/-/foreground-child-4.0.3.tgz",
      "integrity": "sha1-4C1VMmtU5OMRpaKSz8MMLgdpSfE=",
      "dev": true,
      "license": "BlueOak-1.0.0",
      "dependencies": {
        "signal-exit": "^4.0.1"
      },
      "engines": {
        "node": ">=16"
      },
      "funding": {
        "url": "https://github.com/sponsors/isaacs"
      }
    },
    "node_modules/fsevents": {
      "version": "2.3.2",
      "resolved": "https://ms-feed-12.pkgs.visualstudio.com/1es-public/_packaging/npm-public/npm/registry/fsevents/-/fsevents-2.3.2.tgz",
      "integrity": "sha1-ilJveLj99GI7cJ4Ll1xSwkwC/Ro=",
      "dev": true,
      "license": "MIT",
      "optional": true,
      "os": [
        "darwin"
      ],
      "engines": {
        "node": "^8.16.0 || ^10.6.0 || >=11.0.0"
      }
    },
    "node_modules/has-flag": {
      "version": "4.0.0",
      "resolved": "https://ms-feed-25.pkgs.visualstudio.com/1es-public/_packaging/npm-public/npm/registry/has-flag/-/has-flag-4.0.0.tgz",
      "integrity": "sha1-lEdx/ZyByBJlxNaUGGDaBrtZR5s=",
      "dev": true,
      "license": "MIT",
      "engines": {
        "node": ">=8"
      }
    },
    "node_modules/html-escaper": {
      "version": "2.0.2",
      "resolved": "https://ms-feed-12.pkgs.visualstudio.com/1es-public/_packaging/npm-public/npm/registry/html-escaper/-/html-escaper-2.0.2.tgz",
      "integrity": "sha1-39YAJ9o2o238viNiYsAKWCJoFFM=",
      "dev": true,
      "license": "MIT"
    },
    "node_modules/istanbul-lib-coverage": {
      "version": "3.2.2",
      "resolved": "https://ms-feed-12.pkgs.visualstudio.com/1es-public/_packaging/npm-public/npm/registry/istanbul-lib-coverage/-/istanbul-lib-coverage-3.2.2.tgz",
      "integrity": "sha1-LRZsSwZE1Do58Ev2wu3R5YXzF1Y=",
      "dev": true,
      "license": "BSD-3-Clause",
      "engines": {
        "node": ">=8"
      }
    },
    "node_modules/istanbul-lib-report": {
      "version": "3.0.1",
      "resolved": "https://ms-feed-2.pkgs.visualstudio.com/1es-public/_packaging/npm-public/npm/registry/istanbul-lib-report/-/istanbul-lib-report-3.0.1.tgz",
      "integrity": "sha1-kIMFusmlvRdaxqdEier9D8JEWn0=",
      "dev": true,
      "license": "BSD-3-Clause",
      "dependencies": {
        "istanbul-lib-coverage": "^3.0.0",
        "make-dir": "^4.0.0",
        "supports-color": "^7.1.0"
      },
      "engines": {
        "node": ">=10"
      }
    },
    "node_modules/istanbul-reports": {
      "version": "3.2.0",
      "resolved": "https://ms-feed-25.pkgs.visualstudio.com/1es-public/_packaging/npm-public/npm/registry/istanbul-reports/-/istanbul-reports-3.2.0.tgz",
      "integrity": "sha1-y0U1FitXhKpiPO4hpyUs8sgHrJM=",
      "dev": true,
      "license": "BSD-3-Clause",
      "dependencies": {
        "html-escaper": "^2.0.0",
        "istanbul-lib-report": "^3.0.0"
      },
      "engines": {
        "node": ">=8"
      }
    },
    "node_modules/lz-utils": {
      "version": "2.1.1",
      "resolved": "https://ms-feed-2.pkgs.visualstudio.com/1es-public/_packaging/npm-public/npm/registry/lz-utils/-/lz-utils-2.1.1.tgz",
      "integrity": "sha1-eJWAYtD0vjfo/xJ/cQmXvFWBQ74=",
      "dev": true,
      "license": "MIT"
    },
    "node_modules/make-dir": {
      "version": "4.0.0",
      "resolved": "https://ms-feed-12.pkgs.visualstudio.com/1es-public/_packaging/npm-public/npm/registry/make-dir/-/make-dir-4.0.0.tgz",
      "integrity": "sha1-w8IwencSd82WODBfkVwprnQbYU4=",
      "dev": true,
      "license": "MIT",
      "dependencies": {
        "semver": "^7.5.3"
      },
      "engines": {
        "node": ">=10"
      },
      "funding": {
        "url": "https://github.com/sponsors/sindresorhus"
      }
    },
    "node_modules/monocart-coverage-reports": {
      "version": "2.12.12",
      "resolved": "https://ms-feed-12.pkgs.visualstudio.com/1es-public/_packaging/npm-public/npm/registry/monocart-coverage-reports/-/monocart-coverage-reports-2.12.12.tgz",
      "integrity": "sha1-7JbyOVb0uxRhJBvcnx3w/FQqnzc=",
      "dev": true,
      "license": "MIT",
      "dependencies": {
        "acorn": "^8.16.0",
        "acorn-loose": "^8.5.2",
        "acorn-walk": "^8.3.5",
        "commander": "^14.0.3",
        "console-grid": "^2.2.4",
        "eight-colors": "^1.3.3",
        "foreground-child": "^4.0.3",
        "istanbul-lib-coverage": "^3.2.2",
        "istanbul-lib-report": "^3.0.1",
        "istanbul-reports": "^3.2.0",
        "lz-utils": "^2.1.1",
        "monocart-locator": "^1.0.3"
      },
      "bin": {
        "mcr": "lib/cli.js"
      }
    },
    "node_modules/monocart-locator": {
      "version": "1.0.3",
      "resolved": "https://ms-feed-12.pkgs.visualstudio.com/1es-public/_packaging/npm-public/npm/registry/monocart-locator/-/monocart-locator-1.0.3.tgz",
      "integrity": "sha1-R23cSVbvz72lRwuxyLmGpUtoMHo=",
      "dev": true,
      "license": "MIT"
    },
    "node_modules/playwright": {
      "version": "1.61.1",
      "resolved": "https://ms-feed-2.pkgs.visualstudio.com/1es-public/_packaging/npm-public/npm/registry/playwright/-/playwright-1.61.1.tgz",
      "integrity": "sha1-2MDAbrk8KJga/HR7rORTvb1QGLw=",
      "dev": true,
      "license": "Apache-2.0",
      "dependencies": {
        "playwright-core": "1.61.1"
      },
      "bin": {
        "playwright": "cli.js"
      },
      "engines": {
        "node": ">=18"
      },
      "optionalDependencies": {
        "fsevents": "2.3.2"
      }
    },
    "node_modules/playwright-core": {
      "version": "1.61.1",
      "resolved": "https://ms-feed-25.pkgs.visualstudio.com/1es-public/_packaging/npm-public/npm/registry/playwright-core/-/playwright-core-1.61.1.tgz",
      "integrity": "sha1-PJmEEwfvu6vJ1yTEGojJFHBdFfw=",
      "dev": true,
      "license": "Apache-2.0",
      "bin": {
        "playwright-core": "cli.js"
      },
      "engines": {
        "node": ">=18"
      }
    },
    "node_modules/semver": {
      "version": "7.8.5",
      "resolved": "https://ms-feed-12.pkgs.visualstudio.com/1es-public/_packaging/npm-public/npm/registry/semver/-/semver-7.8.5.tgz",
      "integrity": "sha1-ObZGA33VDBT7RR5+TKxY7YuGP2k=",
      "dev": true,
      "license": "ISC",
      "bin": {
        "semver": "bin/semver.js"
      },
      "engines": {
        "node": ">=10"
      }
    },
    "node_modules/signal-exit": {
      "version": "4.1.0",
      "resolved": "https://ms-feed-12.pkgs.visualstudio.com/1es-public/_packaging/npm-public/npm/registry/signal-exit/-/signal-exit-4.1.0.tgz",
      "integrity": "sha1-lSGIwcvVRgcOLdIND0HArgUwywQ=",
      "dev": true,
      "license": "ISC",
      "engines": {
        "node": ">=14"
      },
      "funding": {
        "url": "https://github.com/sponsors/isaacs"
      }
    },
    "node_modules/supports-color": {
      "version": "7.2.0",
      "resolved": "https://ms-feed-12.pkgs.visualstudio.com/1es-public/_packaging/npm-public/npm/registry/supports-color/-/supports-color-7.2.0.tgz",
      "integrity": "sha1-G33NyzK4E4gBs+R4umpRyqiWSNo=",
      "dev": true,
      "license": "MIT",
      "dependencies": {
        "has-flag": "^4.0.0"
      },
      "engines": {
        "node": ">=8"
      }
    }
  }
}
